
Microsoft Visual Studio Solution File, Format Version 12.00
# Visual Studio Version 17
VisualStudioVersion = 17.0.31912.275
MinimumVisualStudioVersion = 10.0.40219.1
Project("{8BC9CEB8-8B4A-11D0-8D11-00A0C91BC942}") = "pythonAPI", "pythonAPI\pythonAPI.vcxproj", "{6EABC49B-8AF7-43FF-9012-62552C04FBBE}"
EndProject
Global
	GlobalSection(SolutionConfigurationPlatforms) = preSolution
		Debug|x64 = Debug|x64
		Debug|x86 = Debug|x86
		Release|x64 = Release|x64
		Release|x86 = Release|x86
	EndGlobalSection
	GlobalSection(ProjectConfigurationPlatforms) = postSolution
		{6EABC49B-8AF7-43FF-9012-62552C04FBBE}.Debug|x64.ActiveCfg = Debug|x64
		{6EABC49B-8AF7-43FF-9012-62552C04FBBE}.Debug|x64.Build.0 = Debug|x64
		{6EABC49B-8AF7-43FF-9012-62552C04FBBE}.Debug|x86.ActiveCfg = Debug|Win32
		{6EABC49B-8AF7-43FF-9012-62552C04FBBE}.Debug|x86.Build.0 = Debug|Win32
		{6EABC49B-8AF7-43FF-9012-62552C04FBBE}.Release|x64.ActiveCfg = Release|x64
		{6EABC49B-8AF7-43FF-9012-62552C04FBBE}.Release|x64.Build.0 = Release|x64
		{6EABC49B-8AF7-43FF-9012-62552C04FBBE}.Release|x86.ActiveCfg = Release|Win32
		{6EABC49B-8AF7-43FF-9012-62552C04FBBE}.Release|x86.Build.0 = Release|Win32
	EndGlobalSection
	GlobalSection(SolutionProperties) = preSolution
		HideSolutionNode = FALSE
	EndGlobalSection
	GlobalSection(ExtensibilityGlobals) = postSolution
		SolutionGuid = {06BE9958-B477-4781-A5E4-B0879847F6AB}
	EndGlobalSection
EndGlobal
